
Microsoft Visual Studio Solution File, Format Version 12.00
# Visual Studio Version 17
VisualStudioVersion = 17.13.35818.85
MinimumVisualStudioVersion = 10.0.40219.1
Project("{FAE04EC0-301F-11D3-BF4B-00C04F79EFBC}") = "practik_s", "practik_s\practik_s.csproj", "{1FADFFC9-2EB1-449D-A5E5-601B952A621D}"
EndProject
Project("{FAE04EC0-301F-11D3-BF4B-00C04F79EFBC}") = "practik_s_2", "practik_s_2\practik_s_2.csproj", "{09E5636B-17F9-4430-BD09-E4644EA4C7EC}"
EndProject
Project("{FAE04EC0-301F-11D3-BF4B-00C04F79EFBC}") = "practik_s2", "practik_s2\practik_s2.csproj", "{176463DF-71AE-4A5E-AD18-3829D5EBE5F8}"
EndProject
Project("{FAE04EC0-301F-11D3-BF4B-00C04F79EFBC}") = "practik_s2_2", "practik_s2_2\practik_s2_2.csproj", "{2F1C7066-68F9-472C-ACEA-4392BADDEED0}"
EndProject
Project("{FAE04EC0-301F-11D3-BF4B-00C04F79EFBC}") = "practik_s3", "practik_s3\practik_s3.csproj", "{9A2E5FBB-917A-41E2-8499-CF5034E8CC0F}"
EndProject
Project("{FAE04EC0-301F-11D3-BF4B-00C04F79EFBC}") = "practik_s3_2", "practik_s3_2\practik_s3_2.csproj", "{43E48291-DCC5-4A5C-BCB9-82316B7E2BCA}"
EndProject
Project("{FAE04EC0-301F-11D3-BF4B-00C04F79EFBC}") = "practik_s3_3", "practik_s3_3\practik_s3_3.csproj", "{21C10A90-CC5B-4DC6-8483-D8725544861C}"
EndProject
Project("{FAE04EC0-301F-11D3-BF4B-00C04F79EFBC}") = "practik_s4", "practik_s4\practik_s4.csproj", "{8E7DBABE-F6D4-400B-8735-F7825D0F5D55}"
EndProject
Project("{FAE04EC0-301F-11D3-BF4B-00C04F79EFBC}") = "practik_s4_2", "practik_s4_2\practik_s4_2.csproj", "{07B6C334-23C0-4EEA-9B02-8ADCF7FDC6F7}"
EndProject
Project("{FAE04EC0-301F-11D3-BF4B-00C04F79EFBC}") = "practik_s5", "practik_s5\practik_s5.csproj", "{D20112C1-8143-4E75-B638-6B2380ECF7E8}"
EndProject
Project("{FAE04EC0-301F-11D3-BF4B-00C04F79EFBC}") = "practik_s5_2", "practik_s5_2\practik_s5_2.csproj", "{D7C85115-DE75-4D1E-A615-652A86860B76}"
EndProject
Project("{FAE04EC0-301F-11D3-BF4B-00C04F79EFBC}") = "practik_s6", "practik_s6\practik_s6.csproj", "{878C8C7C-EFC0-4C79-84D4-7C4CFA024C1B}"
EndProject
Project("{FAE04EC0-301F-11D3-BF4B-00C04F79EFBC}") = "practik_s6_2", "practik_s6_2\practik_s6_2.csproj", "{2978A7BF-A95C-436A-801C-F15BADC009E2}"
EndProject
Project("{FAE04EC0-301F-11D3-BF4B-00C04F79EFBC}") = "practik_s7", "practik_s7\practik_s7.csproj", "{0A581704-127A-4153-846B-9A375D926E73}"
EndProject
Project("{FAE04EC0-301F-11D3-BF4B-00C04F79EFBC}") = "practik_s7_2", "practik_s7_2\practik_s7_2.csproj", "{D3E3ACE7-414D-44F2-85F6-E3D44EB9DEE5}"
EndProject
Project("{FAE04EC0-301F-11D3-BF4B-00C04F79EFBC}") = "practik_s8", "practik_s8\practik_s8.csproj", "{573E7418-FD9A-49D9-8DEB-64CFB196BB19}"
EndProject
Project("{FAE04EC0-301F-11D3-BF4B-00C04F79EFBC}") = "practik_s8_2", "practik_s8_2\practik_s8_2.csproj", "{DD2F08DE-2162-470A-A647-47C37829E98E}"
EndProject
Project("{FAE04EC0-301F-11D3-BF4B-00C04F79EFBC}") = "practik_s8_3", "practik_s8_3\practik_s8_3.csproj", "{A15361CE-C657-4703-A55F-9C3EC3096E33}"
EndProject
Project("{FAE04EC0-301F-11D3-BF4B-00C04F79EFBC}") = "practik_s9", "practik_s9\practik_s9.csproj", "{FD0DDBC8-7AFD-4E40-8090-ACFC6059BE48}"
EndProject
Project("{FAE04EC0-301F-11D3-BF4B-00C04F79EFBC}") = "practik_s9_2", "practik_s9_2\practik_s9_2.csproj", "{DAE77F82-956A-4A9B-85AA-6D58C2DFFB48}"
EndProject
Project("{FAE04EC0-301F-11D3-BF4B-00C04F79EFBC}") = "practik_s10", "practik_s10\practik_s10.csproj", "{7ADCE15F-FFCC-4EA9-90EE-657E548D043D}"
EndProject
Project("{FAE04EC0-301F-11D3-BF4B-00C04F79EFBC}") = "practik_s10_2", "practik_s10_2\practik_s10_2.csproj", "{A5C43941-7378-4169-BCC2-8A6A853B34B3}"
EndProject
Project("{FAE04EC0-301F-11D3-BF4B-00C04F79EFBC}") = "practik_s10_3", "practik_s10_3\practik_s10_3.csproj", "{3CE9FA3C-B46F-4A44-9CBD-C28F1824C7AA}"
EndProject
Project("{FAE04EC0-301F-11D3-BF4B-00C04F79EFBC}") = "practik_s11", "practik_s11\practik_s11.csproj", "{02FC5F13-365B-4CDC-9244-DCC4F61E9397}"
EndProject
Project("{FAE04EC0-301F-11D3-BF4B-00C04F79EFBC}") = "practik_s11_2", "practik_s11_2\practik_s11_2.csproj", "{4FB72F6E-18B1-444E-A962-1A38F3D6D6EC}"
EndProject
Project("{FAE04EC0-301F-11D3-BF4B-00C04F79EFBC}") = "practik_s12", "practik_s12\practik_s12.csproj", "{6C25B44B-458B-41C3-B21C-718C8AEEDD70}"
EndProject
Project("{FAE04EC0-301F-11D3-BF4B-00C04F79EFBC}") = "practik_s12_2", "practik_s12_2\practik_s12_2.csproj", "{0F109C1F-239A-41BB-978A-4CDD4855A802}"
EndProject
Project("{FAE04EC0-301F-11D3-BF4B-00C04F79EFBC}") = "practik_s12_3", "practik_s12_3\practik_s12_3.csproj", "{54A1E1DE-FDD2-4BD1-A30F-FFA6EA8743C5}"
EndProject
Project("{FAE04EC0-301F-11D3-BF4B-00C04F79EFBC}") = "practik_s13", "practik_s13\practik_s13.csproj", "{E14BC3E2-A8B2-4046-9A85-7700093D018D}"
EndProject
Project("{FAE04EC0-301F-11D3-BF4B-00C04F79EFBC}") = "practik_s13_2", "practik_s13_2\practik_s13_2.csproj", "{722B15DA-2D59-4717-86DD-648B1CADAAE7}"
EndProject
Project("{FAE04EC0-301F-11D3-BF4B-00C04F79EFBC}") = "practik_s14", "practik_s14\practik_s14.csproj", "{1049B34E-05EB-4647-AADE-FF6AB35B892D}"
EndProject
Project("{FAE04EC0-301F-11D3-BF4B-00C04F79EFBC}") = "practik_s14_2", "practik_s14_2\practik_s14_2.csproj", "{D01D1793-0C68-4A05-B79A-F224295BB9B9}"
EndProject
Project("{FAE04EC0-301F-11D3-BF4B-00C04F79EFBC}") = "practik_s14_3", "practik_s14_3\practik_s14_3.csproj", "{312B7A27-6BB9-402B-877E-983E327C1069}"
EndProject
Project("{FAE04EC0-301F-11D3-BF4B-00C04F79EFBC}") = "practik_s15", "practik_s15\practik_s15.csproj", "{F59D7F43-1094-4864-B9E6-0B4261D650ED}"
EndProject
Project("{FAE04EC0-301F-11D3-BF4B-00C04F79EFBC}") = "practik_s15_2", "practik_s15_2\practik_s15_2.csproj", "{09678BC0-349F-4891-A371-AD744135012D}"
EndProject
Project("{FAE04EC0-301F-11D3-BF4B-00C04F79EFBC}") = "practik_s15_3", "practik_s15_3\practik_s15_3.csproj", "{97C25018-C648-42F9-A380-6882AD679D17}"
EndProject
Global
	GlobalSection(SolutionConfigurationPlatforms) = preSolution
		Debug|Any CPU = Debug|Any CPU
		Release|Any CPU = Release|Any CPU
	EndGlobalSection
	GlobalSection(ProjectConfigurationPlatforms) = postSolution
		{1FADFFC9-2EB1-449D-A5E5-601B952A621D}.Debug|Any CPU.ActiveCfg = Debug|Any CPU
		{1FADFFC9-2EB1-449D-A5E5-601B952A621D}.Debug|Any CPU.Build.0 = Debug|Any CPU
		{1FADFFC9-2EB1-449D-A5E5-601B952A621D}.Release|Any CPU.ActiveCfg = Release|Any CPU
		{1FADFFC9-2EB1-449D-A5E5-601B952A621D}.Release|Any CPU.Build.0 = Release|Any CPU
		{09E5636B-17F9-4430-BD09-E4644EA4C7EC}.Debug|Any CPU.ActiveCfg = Debug|Any CPU
		{09E5636B-17F9-4430-BD09-E4644EA4C7EC}.Debug|Any CPU.Build.0 = Debug|Any CPU
		{09E5636B-17F9-4430-BD09-E4644EA4C7EC}.Release|Any CPU.ActiveCfg = Release|Any CPU
		{09E5636B-17F9-4430-BD09-E4644EA4C7EC}.Release|Any CPU.Build.0 = Release|Any CPU
		{176463DF-71AE-4A5E-AD18-3829D5EBE5F8}.Debug|Any CPU.ActiveCfg = Debug|Any CPU
		{176463DF-71AE-4A5E-AD18-3829D5EBE5F8}.Debug|Any CPU.Build.0 = Debug|Any CPU
		{176463DF-71AE-4A5E-AD18-3829D5EBE5F8}.Release|Any CPU.ActiveCfg = Release|Any CPU
		{176463DF-71AE-4A5E-AD18-3829D5EBE5F8}.Release|Any CPU.Build.0 = Release|Any CPU
		{2F1C7066-68F9-472C-ACEA-4392BADDEED0}.Debug|Any CPU.ActiveCfg = Debug|Any CPU
		{2F1C7066-68F9-472C-ACEA-4392BADDEED0}.Debug|Any CPU.Build.0 = Debug|Any CPU
		{2F1C7066-68F9-472C-ACEA-4392BADDEED0}.Release|Any CPU.ActiveCfg = Release|Any CPU
		{2F1C7066-68F9-472C-ACEA-4392BADDEED0}.Release|Any CPU.Build.0 = Release|Any CPU
		{9A2E5FBB-917A-41E2-8499-CF5034E8CC0F}.Debug|Any CPU.ActiveCfg = Debug|Any CPU
		{9A2E5FBB-917A-41E2-8499-CF5034E8CC0F}.Debug|Any CPU.Build.0 = Debug|Any CPU
		{9A2E5FBB-917A-41E2-8499-CF5034E8CC0F}.Release|Any CPU.ActiveCfg = Release|Any CPU
		{9A2E5FBB-917A-41E2-8499-CF5034E8CC0F}.Release|Any CPU.Build.0 = Release|Any CPU
		{43E48291-DCC5-4A5C-BCB9-82316B7E2BCA}.Debug|Any CPU.ActiveCfg = Debug|Any CPU
		{43E48291-DCC5-4A5C-BCB9-82316B7E2BCA}.Debug|Any CPU.Build.0 = Debug|Any CPU
		{43E48291-DCC5-4A5C-BCB9-82316B7E2BCA}.Release|Any CPU.ActiveCfg = Release|Any CPU
		{43E48291-DCC5-4A5C-BCB9-82316B7E2BCA}.Release|Any CPU.Build.0 = Release|Any CPU
		{21C10A90-CC5B-4DC6-8483-D8725544861C}.Debug|Any CPU.ActiveCfg = Debug|Any CPU
		{21C10A90-CC5B-4DC6-8483-D8725544861C}.Debug|Any CPU.Build.0 = Debug|Any CPU
		{21C10A90-CC5B-4DC6-8483-D8725544861C}.Release|Any CPU.ActiveCfg = Release|Any CPU
		{21C10A90-CC5B-4DC6-8483-D8725544861C}.Release|Any CPU.Build.0 = Release|Any CPU
		{8E7DBABE-F6D4-400B-8735-F7825D0F5D55}.Debug|Any CPU.ActiveCfg = Debug|Any CPU
		{8E7DBABE-F6D4-400B-8735-F7825D0F5D55}.Debug|Any CPU.Build.0 = Debug|Any CPU
		{8E7DBABE-F6D4-400B-8735-F7825D0F5D55}.Release|Any CPU.ActiveCfg = Release|Any CPU
		{8E7DBABE-F6D4-400B-8735-F7825D0F5D55}.Release|Any CPU.Build.0 = Release|Any CPU
		{07B6C334-23C0-4EEA-9B02-8ADCF7FDC6F7}.Debug|Any CPU.ActiveCfg = Debug|Any CPU
		{07B6C334-23C0-4EEA-9B02-8ADCF7FDC6F7}.Debug|Any CPU.Build.0 = Debug|Any CPU
		{07B6C334-23C0-4EEA-9B02-8ADCF7FDC6F7}.Release|Any CPU.ActiveCfg = Release|Any CPU
		{07B6C334-23C0-4EEA-9B02-8ADCF7FDC6F7}.Release|Any CPU.Build.0 = Release|Any CPU
		{D20112C1-8143-4E75-B638-6B2380ECF7E8}.Debug|Any CPU.ActiveCfg = Debug|Any CPU
		{D20112C1-8143-4E75-B638-6B2380ECF7E8}.Debug|Any CPU.Build.0 = Debug|Any CPU
		{D20112C1-8143-4E75-B638-6B2380ECF7E8}.Release|Any CPU.ActiveCfg = Release|Any CPU
		{D20112C1-8143-4E75-B638-6B2380ECF7E8}.Release|Any CPU.Build.0 = Release|Any CPU
		{D7C85115-DE75-4D1E-A615-652A86860B76}.Debug|Any CPU.ActiveCfg = Debug|Any CPU
		{D7C85115-DE75-4D1E-A615-652A86860B76}.Debug|Any CPU.Build.0 = Debug|Any CPU
		{D7C85115-DE75-4D1E-A615-652A86860B76}.Release|Any CPU.ActiveCfg = Release|Any CPU
		{D7C85115-DE75-4D1E-A615-652A86860B76}.Release|Any CPU.Build.0 = Release|Any CPU
		{878C8C7C-EFC0-4C79-84D4-7C4CFA024C1B}.Debug|Any CPU.ActiveCfg = Debug|Any CPU
		{878C8C7C-EFC0-4C79-84D4-7C4CFA024C1B}.Debug|Any CPU.Build.0 = Debug|Any CPU
		{878C8C7C-EFC0-4C79-84D4-7C4CFA024C1B}.Release|Any CPU.ActiveCfg = Release|Any CPU
		{878C8C7C-EFC0-4C79-84D4-7C4CFA024C1B}.Release|Any CPU.Build.0 = Release|Any CPU
		{2978A7BF-A95C-436A-801C-F15BADC009E2}.Debug|Any CPU.ActiveCfg = Debug|Any CPU
		{2978A7BF-A95C-436A-801C-F15BADC009E2}.Debug|Any CPU.Build.0 = Debug|Any CPU
		{2978A7BF-A95C-436A-801C-F15BADC009E2}.Release|Any CPU.ActiveCfg = Release|Any CPU
		{2978A7BF-A95C-436A-801C-F15BADC009E2}.Release|Any CPU.Build.0 = Release|Any CPU
		{0A581704-127A-4153-846B-9A375D926E73}.Debug|Any CPU.ActiveCfg = Debug|Any CPU
		{0A581704-127A-4153-846B-9A375D926E73}.Debug|Any CPU.Build.0 = Debug|Any CPU
		{0A581704-127A-4153-846B-9A375D926E73}.Release|Any CPU.ActiveCfg = Release|Any CPU
		{0A581704-127A-4153-846B-9A375D926E73}.Release|Any CPU.Build.0 = Release|Any CPU
		{D3E3ACE7-414D-44F2-85F6-E3D44EB9DEE5}.Debug|Any CPU.ActiveCfg = Debug|Any CPU
		{D3E3ACE7-414D-44F2-85F6-E3D44EB9DEE5}.Debug|Any CPU.Build.0 = Debug|Any CPU
		{D3E3ACE7-414D-44F2-85F6-E3D44EB9DEE5}.Release|Any CPU.ActiveCfg = Release|Any CPU
		{D3E3ACE7-414D-44F2-85F6-E3D44EB9DEE5}.Release|Any CPU.Build.0 = Release|Any CPU
		{573E7418-FD9A-49D9-8DEB-64CFB196BB19}.Debug|Any CPU.ActiveCfg = Debug|Any CPU
		{573E7418-FD9A-49D9-8DEB-64CFB196BB19}.Debug|Any CPU.Build.0 = Debug|Any CPU
		{573E7418-FD9A-49D9-8DEB-64CFB196BB19}.Release|Any CPU.ActiveCfg = Release|Any CPU
		{573E7418-FD9A-49D9-8DEB-64CFB196BB19}.Release|Any CPU.Build.0 = Release|Any CPU
		{DD2F08DE-2162-470A-A647-47C37829E98E}.Debug|Any CPU.ActiveCfg = Debug|Any CPU
		{DD2F08DE-2162-470A-A647-47C37829E98E}.Debug|Any CPU.Build.0 = Debug|Any CPU
		{DD2F08DE-2162-470A-A647-47C37829E98E}.Release|Any CPU.ActiveCfg = Release|Any CPU
		{DD2F08DE-2162-470A-A647-47C37829E98E}.Release|Any CPU.Build.0 = Release|Any CPU
		{A15361CE-C657-4703-A55F-9C3EC3096E33}.Debug|Any CPU.ActiveCfg = Debug|Any CPU
		{A15361CE-C657-4703-A55F-9C3EC3096E33}.Debug|Any CPU.Build.0 = Debug|Any CPU
		{A15361CE-C657-4703-A55F-9C3EC3096E33}.Release|Any CPU.ActiveCfg = Release|Any CPU
		{A15361CE-C657-4703-A55F-9C3EC3096E33}.Release|Any CPU.Build.0 = Release|Any CPU
		{FD0DDBC8-7AFD-4E40-8090-ACFC6059BE48}.Debug|Any CPU.ActiveCfg = Debug|Any CPU
		{FD0DDBC8-7AFD-4E40-8090-ACFC6059BE48}.Debug|Any CPU.Build.0 = Debug|Any CPU
		{FD0DDBC8-7AFD-4E40-8090-ACFC6059BE48}.Release|Any CPU.ActiveCfg = Release|Any CPU
		{FD0DDBC8-7AFD-4E40-8090-ACFC6059BE48}.Release|Any CPU.Build.0 = Release|Any CPU
		{DAE77F82-956A-4A9B-85AA-6D58C2DFFB48}.Debug|Any CPU.ActiveCfg = Debug|Any CPU
		{DAE77F82-956A-4A9B-85AA-6D58C2DFFB48}.Debug|Any CPU.Build.0 = Debug|Any CPU
		{DAE77F82-956A-4A9B-85AA-6D58C2DFFB48}.Release|Any CPU.ActiveCfg = Release|Any CPU
		{DAE77F82-956A-4A9B-85AA-6D58C2DFFB48}.Release|Any CPU.Build.0 = Release|Any CPU
		{7ADCE15F-FFCC-4EA9-90EE-657E548D043D}.Debug|Any CPU.ActiveCfg = Debug|Any CPU
		{7ADCE15F-FFCC-4EA9-90EE-657E548D043D}.Debug|Any CPU.Build.0 = Debug|Any CPU
		{7ADCE15F-FFCC-4EA9-90EE-657E548D043D}.Release|Any CPU.ActiveCfg = Release|Any CPU
		{7ADCE15F-FFCC-4EA9-90EE-657E548D043D}.Release|Any CPU.Build.0 = Release|Any CPU
		{A5C43941-7378-4169-BCC2-8A6A853B34B3}.Debug|Any CPU.ActiveCfg = Debug|Any CPU
		{A5C43941-7378-4169-BCC2-8A6A853B34B3}.Debug|Any CPU.Build.0 = Debug|Any CPU
		{A5C43941-7378-4169-BCC2-8A6A853B34B3}.Release|Any CPU.ActiveCfg = Release|Any CPU
		{A5C43941-7378-4169-BCC2-8A6A853B34B3}.Release|Any CPU.Build.0 = Release|Any CPU
		{3CE9FA3C-B46F-4A44-9CBD-C28F1824C7AA}.Debug|Any CPU.ActiveCfg = Debug|Any CPU
		{3CE9FA3C-B46F-4A44-9CBD-C28F1824C7AA}.Debug|Any CPU.Build.0 = Debug|Any CPU
		{3CE9FA3C-B46F-4A44-9CBD-C28F1824C7AA}.Release|Any CPU.ActiveCfg = Release|Any CPU
		{3CE9FA3C-B46F-4A44-9CBD-C28F1824C7AA}.Release|Any CPU.Build.0 = Release|Any CPU
		{02FC5F13-365B-4CDC-9244-DCC4F61E9397}.Debug|Any CPU.ActiveCfg = Debug|Any CPU
		{02FC5F13-365B-4CDC-9244-DCC4F61E9397}.Debug|Any CPU.Build.0 = Debug|Any CPU
		{02FC5F13-365B-4CDC-9244-DCC4F61E9397}.Release|Any CPU.ActiveCfg = Release|Any CPU
		{02FC5F13-365B-4CDC-9244-DCC4F61E9397}.Release|Any CPU.Build.0 = Release|Any CPU
		{4FB72F6E-18B1-444E-A962-1A38F3D6D6EC}.Debug|Any CPU.ActiveCfg = Debug|Any CPU
		{4FB72F6E-18B1-444E-A962-1A38F3D6D6EC}.Debug|Any CPU.Build.0 = Debug|Any CPU
		{4FB72F6E-18B1-444E-A962-1A38F3D6D6EC}.Release|Any CPU.ActiveCfg = Release|Any CPU
		{4FB72F6E-18B1-444E-A962-1A38F3D6D6EC}.Release|Any CPU.Build.0 = Release|Any CPU
		{6C25B44B-458B-41C3-B21C-718C8AEEDD70}.Debug|Any CPU.ActiveCfg = Debug|Any CPU
		{6C25B44B-458B-41C3-B21C-718C8AEEDD70}.Debug|Any CPU.Build.0 = Debug|Any CPU
		{6C25B44B-458B-41C3-B21C-718C8AEEDD70}.Release|Any CPU.ActiveCfg = Release|Any CPU
		{6C25B44B-458B-41C3-B21C-718C8AEEDD70}.Release|Any CPU.Build.0 = Release|Any CPU
		{0F109C1F-239A-41BB-978A-4CDD4855A802}.Debug|Any CPU.ActiveCfg = Debug|Any CPU
		{0F109C1F-239A-41BB-978A-4CDD4855A802}.Debug|Any CPU.Build.0 = Debug|Any CPU
		{0F109C1F-239A-41BB-978A-4CDD4855A802}.Release|Any CPU.ActiveCfg = Release|Any CPU
		{0F109C1F-239A-41BB-978A-4CDD4855A802}.Release|Any CPU.Build.0 = Release|Any CPU
		{54A1E1DE-FDD2-4BD1-A30F-FFA6EA8743C5}.Debug|Any CPU.ActiveCfg = Debug|Any CPU
		{54A1E1DE-FDD2-4BD1-A30F-FFA6EA8743C5}.Debug|Any CPU.Build.0 = Debug|Any CPU
		{54A1E1DE-FDD2-4BD1-A30F-FFA6EA8743C5}.Release|Any CPU.ActiveCfg = Release|Any CPU
		{54A1E1DE-FDD2-4BD1-A30F-FFA6EA8743C5}.Release|Any CPU.Build.0 = Release|Any CPU
		{E14BC3E2-A8B2-4046-9A85-7700093D018D}.Debug|Any CPU.ActiveCfg = Debug|Any CPU
		{E14BC3E2-A8B2-4046-9A85-7700093D018D}.Debug|Any CPU.Build.0 = Debug|Any CPU
		{E14BC3E2-A8B2-4046-9A85-7700093D018D}.Release|Any CPU.ActiveCfg = Release|Any CPU
		{E14BC3E2-A8B2-4046-9A85-7700093D018D}.Release|Any CPU.Build.0 = Release|Any CPU
		{722B15DA-2D59-4717-86DD-648B1CADAAE7}.Debug|Any CPU.ActiveCfg = Debug|Any CPU
		{722B15DA-2D59-4717-86DD-648B1CADAAE7}.Debug|Any CPU.Build.0 = Debug|Any CPU
		{722B15DA-2D59-4717-86DD-648B1CADAAE7}.Release|Any CPU.ActiveCfg = Release|Any CPU
		{722B15DA-2D59-4717-86DD-648B1CADAAE7}.Release|Any CPU.Build.0 = Release|Any CPU
		{1049B34E-05EB-4647-AADE-FF6AB35B892D}.Debug|Any CPU.ActiveCfg = Debug|Any CPU
		{1049B34E-05EB-4647-AADE-FF6AB35B892D}.Debug|Any CPU.Build.0 = Debug|Any CPU
		{1049B34E-05EB-4647-AADE-FF6AB35B892D}.Release|Any CPU.ActiveCfg = Release|Any CPU
		{1049B34E-05EB-4647-AADE-FF6AB35B892D}.Release|Any CPU.Build.0 = Release|Any CPU
		{D01D1793-0C68-4A05-B79A-F224295BB9B9}.Debug|Any CPU.ActiveCfg = Debug|Any CPU
		{D01D1793-0C68-4A05-B79A-F224295BB9B9}.Debug|Any CPU.Build.0 = Debug|Any CPU
		{D01D1793-0C68-4A05-B79A-F224295BB9B9}.Release|Any CPU.ActiveCfg = Release|Any CPU
		{D01D1793-0C68-4A05-B79A-F224295BB9B9}.Release|Any CPU.Build.0 = Release|Any CPU
		{312B7A27-6BB9-402B-877E-983E327C1069}.Debug|Any CPU.ActiveCfg = Debug|Any CPU
		{312B7A27-6BB9-402B-877E-983E327C1069}.Debug|Any CPU.Build.0 = Debug|Any CPU
		{312B7A27-6BB9-402B-877E-983E327C1069}.Release|Any CPU.ActiveCfg = Release|Any CPU
		{312B7A27-6BB9-402B-877E-983E327C1069}.Release|Any CPU.Build.0 = Release|Any CPU
		{F59D7F43-1094-4864-B9E6-0B4261D650ED}.Debug|Any CPU.ActiveCfg = Debug|Any CPU
		{F59D7F43-1094-4864-B9E6-0B4261D650ED}.Debug|Any CPU.Build.0 = Debug|Any CPU
		{F59D7F43-1094-4864-B9E6-0B4261D650ED}.Release|Any CPU.ActiveCfg = Release|Any CPU
		{F59D7F43-1094-4864-B9E6-0B4261D650ED}.Release|Any CPU.Build.0 = Release|Any CPU
		{09678BC0-349F-4891-A371-AD744135012D}.Debug|Any CPU.ActiveCfg = Debug|Any CPU
		{09678BC0-349F-4891-A371-AD744135012D}.Debug|Any CPU.Build.0 = Debug|Any CPU
		{09678BC0-349F-4891-A371-AD744135012D}.Release|Any CPU.ActiveCfg = Release|Any CPU
		{09678BC0-349F-4891-A371-AD744135012D}.Release|Any CPU.Build.0 = Release|Any CPU
		{97C25018-C648-42F9-A380-6882AD679D17}.Debug|Any CPU.ActiveCfg = Debug|Any CPU
		{97C25018-C648-42F9-A380-6882AD679D17}.Debug|Any CPU.Build.0 = Debug|Any CPU
		{97C25018-C648-42F9-A380-6882AD679D17}.Release|Any CPU.ActiveCfg = Release|Any CPU
		{97C25018-C648-42F9-A380-6882AD679D17}.Release|Any CPU.Build.0 = Release|Any CPU
	EndGlobalSection
	GlobalSection(SolutionProperties) = preSolution
		HideSolutionNode = FALSE
	EndGlobalSection
	GlobalSection(ExtensibilityGlobals) = postSolution
		SolutionGuid = {4D498ABA-434B-4D96-A495-2876BADD5240}
	EndGlobalSection
EndGlobal
